// !$*UTF8*$!
{
	archiveVersion = 1;
	classes = {
	};
	objectVersion = 50;
	objects = {

/* Begin PBXBuildFile section */
		39A6AE0416BB6D88879858CB /* Pods_DemoTests.framework in Frameworks */ = {isa = PBXBuildFile; fileRef = 3D7811467FF5DFEEBCDF8367 /* Pods_DemoTests.framework */; };
		6706BFEBDDF1DB55732FD15D /* Pods_Demo.framework in Frameworks */ = {isa = PBXBuildFile; fileRef = A027B4606E023B9CE6B264A0 /* Pods_Demo.framework */; };
		7E6F756F6DD1DFC51EFF4471 /* Pods_Demo_DemoUITests.framework in Frameworks */ = {isa = PBXBuildFile; fileRef = 35B09BC77B2777E7A0BE9B2E /* Pods_Demo_DemoUITests.framework */; };
		E0A8C45524D7F16E00030F79 /* ObjectiveCTestController.m in Sources */ = {isa = PBXBuildFile; fileRef = E0A8C45424D7F16E00030F79 /* ObjectiveCTestController.m */; };
		E0C48776249A32D100CCDA25 /* AppDelegate.swift in Sources */ = {isa = PBXBuildFile; fileRef = E0C48775249A32D100CCDA25 /* AppDelegate.swift */; };
		E0C48778249A32D100CCDA25 /* SceneDelegate.swift in Sources */ = {isa = PBXBuildFile; fileRef = E0C48777249A32D100CCDA25 /* SceneDelegate.swift */; };
		E0C4877A249A32D100CCDA25 /* ViewController.swift in Sources */ = {isa = PBXBuildFile; fileRef = E0C48779249A32D100CCDA25 /* ViewController.swift */; };
		E0C4877D249A32D100CCDA25 /* Main.storyboard in Resources */ = {isa = PBXBuildFile; fileRef = E0C4877B249A32D100CCDA25 /* Main.storyboard */; };
		E0C48780249A32D100CCDA25 /* Demo.xcdatamodeld in Sources */ = {isa = PBXBuildFile; fileRef = E0C4877E249A32D100CCDA25 /* Demo.xcdatamodeld */; };
		E0C48782249A32D300CCDA25 /* Assets.xcassets in Resources */ = {isa = PBXBuildFile; fileRef = E0C48781249A32D300CCDA25 /* Assets.xcassets */; };
		E0C48785249A32D300CCDA25 /* LaunchScreen.storyboard in Resources */ = {isa = PBXBuildFile; fileRef = E0C48783249A32D300CCDA25 /* LaunchScreen.storyboard */; };
		E0C48790249A32D300CCDA25 /* DemoTests.swift in Sources */ = {isa = PBXBuildFile; fileRef = E0C4878F249A32D300CCDA25 /* DemoTests.swift */; };
		E0C4879B249A32D300CCDA25 /* DemoUITests.swift in Sources */ = {isa = PBXBuildFile; fileRef = E0C4879A249A32D300CCDA25 /* DemoUITests.swift */; };
		E0D76B7424D13AD600DA44F4 /* HomeViewController.swift in Sources */ = {isa = PBXBuildFile; fileRef = E0D76B7324D13AD600DA44F4 /* HomeViewController.swift */; };
/* End PBXBuildFile section */

/* Begin PBXContainerItemProxy section */
		E0C4878C249A32D300CCDA25 /* PBXContainerItemProxy */ = {
			isa = PBXContainerItemProxy;
			containerPortal = E0C4876A249A32D100CCDA25 /* Project object */;
			proxyType = 1;
			remoteGlobalIDString = E0C48771249A32D100CCDA25;
			remoteInfo = Demo;
		};
		E0C48797249A32D300CCDA25 /* PBXContainerItemProxy */ = {
			isa = PBXContainerItemProxy;
			containerPortal = E0C4876A249A32D100CCDA25 /* Project object */;
			proxyType = 1;
			remoteGlobalIDString = E0C48771249A32D100CCDA25;
			remoteInfo = Demo;
		};
/* End PBXContainerItemProxy section */

/* Begin PBXFileReference section */
		0596212688759186FA4B3BCB /* Pods-Demo-DemoUITests.debug.xcconfig */ = {isa = PBXFileReference; includeInIndex = 1; lastKnownFileType = text.xcconfig; name = "Pods-Demo-DemoUITests.debug.xcconfig"; path = "Target Support Files/Pods-Demo-DemoUITests/Pods-Demo-DemoUITests.debug.xcconfig"; sourceTree = "<group>"; };
		19F6C3820AE396C55814A77E /* Pods-DemoTests.debug.xcconfig */ = {isa = PBXFileReference; includeInIndex = 1; lastKnownFileType = text.xcconfig; name = "Pods-DemoTests.debug.xcconfig"; path = "Target Support Files/Pods-DemoTests/Pods-DemoTests.debug.xcconfig"; sourceTree = "<group>"; };
		35B09BC77B2777E7A0BE9B2E /* Pods_Demo_DemoUITests.framework */ = {isa = PBXFileReference; explicitFileType = wrapper.framework; includeInIndex = 0; path = Pods_Demo_DemoUITests.framework; sourceTree = BUILT_PRODUCTS_DIR; };
		367AB5DAA765DB84A3ED1750 /* Pods-Demo.debug.xcconfig */ = {isa = PBXFileReference; includeInIndex = 1; lastKnownFileType = text.xcconfig; name = "Pods-Demo.debug.xcconfig"; path = "Target Support Files/Pods-Demo/Pods-Demo.debug.xcconfig"; sourceTree = "<group>"; };
		3D7811467FF5DFEEBCDF8367 /* Pods_DemoTests.framework */ = {isa = PBXFileReference; explicitFileType = wrapper.framework; includeInIndex = 0; path = Pods_DemoTests.framework; sourceTree = BUILT_PRODUCTS_DIR; };
		4CF5AC7B97B1A94802EBD151 /* Pods-Demo.release.xcconfig */ = {isa = PBXFileReference; includeInIndex = 1; lastKnownFileType = text.xcconfig; name = "Pods-Demo.release.xcconfig"; path = "Target Support Files/Pods-Demo/Pods-Demo.release.xcconfig"; sourceTree = "<group>"; };
		81F6DE93192580E8D806899C /* Pods-DemoTests.release.xcconfig */ = {isa = PBXFileReference; includeInIndex = 1; lastKnownFileType = text.xcconfig; name = "Pods-DemoTests.release.xcconfig"; path = "Target Support Files/Pods-DemoTests/Pods-DemoTests.release.xcconfig"; sourceTree = "<group>"; };
		9898FCD2D9F1A2DADDFA18F4 /* Pods-Demo-DemoUITests.release.xcconfig */ = {isa = PBXFileReference; includeInIndex = 1; lastKnownFileType = text.xcconfig; name = "Pods-Demo-DemoUITests.release.xcconfig"; path = "Target Support Files/Pods-Demo-DemoUITests/Pods-Demo-DemoUITests.release.xcconfig"; sourceTree = "<group>"; };
		A027B4606E023B9CE6B264A0 /* Pods_Demo.framework */ = {isa = PBXFileReference; explicitFileType = wrapper.framework; includeInIndex = 0; path = Pods_Demo.framework; sourceTree = BUILT_PRODUCTS_DIR; };
		E0A8C45324D7F16E00030F79 /* ObjectiveCTestController.h */ = {isa = PBXFileReference; lastKnownFileType = sourcecode.c.h; path = ObjectiveCTestController.h; sourceTree = "<group>"; };
		E0A8C45424D7F16E00030F79 /* ObjectiveCTestController.m */ = {isa = PBXFileReference; lastKnownFileType = sourcecode.c.objc; path = ObjectiveCTestController.m; sourceTree = "<group>"; };
		E0C48772249A32D100CCDA25 /* Demo.app */ = {isa = PBXFileReference; explicitFileType = wrapper.application; includeInIndex = 0; path = Demo.app; sourceTree = BUILT_PRODUCTS_DIR; };
		E0C48775249A32D100CCDA25 /* AppDelegate.swift */ = {isa = PBXFileReference; lastKnownFileType = sourcecode.swift; path = AppDelegate.swift; sourceTree = "<group>"; };
		E0C48777249A32D100CCDA25 /* SceneDelegate.swift */ = {isa = PBXFileReference; lastKnownFileType = sourcecode.swift; path = SceneDelegate.swift; sourceTree = "<group>"; };
		E0C48779249A32D100CCDA25 /* ViewController.swift */ = {isa = PBXFileReference; lastKnownFileType = sourcecode.swift; path = ViewController.swift; sourceTree = "<group>"; };
		E0C4877C249A32D100CCDA25 /* Base */ = {isa = PBXFileReference; lastKnownFileType = file.storyboard; name = Base; path = Base.lproj/Main.storyboard; sourceTree = "<group>"; };
		E0C4877F249A32D100CCDA25 /* Demo.xcdatamodel */ = {isa = PBXFileReference; lastKnownFileType = wrapper.xcdatamodel; path = Demo.xcdatamodel; sourceTree = "<group>"; };
		E0C48781249A32D300CCDA25 /* Assets.xcassets */ = {isa = PBXFileReference; lastKnownFileType = folder.assetcatalog; path = Assets.xcassets; sourceTree = "<group>"; };
		E0C48784249A32D300CCDA25 /* Base */ = {isa = PBXFileReference; lastKnownFileType = file.storyboard; name = Base; path = Base.lproj/LaunchScreen.storyboard; sourceTree = "<group>"; };
		E0C48786249A32D300CCDA25 /* Info.plist */ = {isa = PBXFileReference; lastKnownFileType = text.plist.xml; path = Info.plist; sourceTree = "<group>"; };
		E0C4878B249A32D300CCDA25 /* DemoTests.xctest */ = {isa = PBXFileReference; explicitFileType = wrapper.cfbundle; includeInIndex = 0; path = DemoTests.xctest; sourceTree = BUILT_PRODUCTS_DIR; };
		E0C4878F249A32D300CCDA25 /* DemoTests.swift */ = {isa = PBXFileReference; lastKnownFileType = sourcecode.swift; path = DemoTests.swift; sourceTree = "<group>"; };
		E0C48791249A32D300CCDA25 /* Info.plist */ = {isa = PBXFileReference; lastKnownFileType = text.plist.xml; path = Info.plist; sourceTree = "<group>"; };
		E0C48796249A32D300CCDA25 /* DemoUITests.xctest */ = {isa = PBXFileReference; explicitFileType = wrapper.cfbundle; includeInIndex = 0; path = DemoUITests.xctest; sourceTree = BUILT_PRODUCTS_DIR; };
		E0C4879A249A32D300CCDA25 /* DemoUITests.swift */ = {isa = PBXFileReference; lastKnownFileType = sourcecode.swift; path = DemoUITests.swift; sourceTree = "<group>"; };
		E0C4879C249A32D300CCDA25 /* Info.plist */ = {isa = PBXFileReference; lastKnownFileType = text.plist.xml; path = Info.plist; sourceTree = "<group>"; };
		E0D76B7324D13AD600DA44F4 /* HomeViewController.swift */ = {isa = PBXFileReference; lastKnownFileType = sourcecode.swift; path = HomeViewController.swift; sourceTree = "<group>"; };
/* End PBXFileReference section */

/* Begin PBXFrameworksBuildPhase section */
		E0C4876F249A32D100CCDA25 /* Frameworks */ = {
			isa = PBXFrameworksBuildPhase;
			buildActionMask = 2147483647;
			files = (
				6706BFEBDDF1DB55732FD15D /* Pods_Demo.framework in Frameworks */,
			);
			runOnlyForDeploymentPostprocessing = 0;
		};
		E0C48788249A32D300CCDA25 /* Frameworks */ = {
			isa = PBXFrameworksBuildPhase;
			buildActionMask = 2147483647;
			files = (
				39A6AE0416BB6D88879858CB /* Pods_DemoTests.framework in Frameworks */,
			);
			runOnlyForDeploymentPostprocessing = 0;
		};
		E0C48793249A32D300CCDA25 /* Frameworks */ = {
			isa = PBXFrameworksBuildPhase;
			buildActionMask = 2147483647;
			files = (
				7E6F756F6DD1DFC51EFF4471 /* Pods_Demo_DemoUITests.framework in Frameworks */,
			);
			runOnlyForDeploymentPostprocessing = 0;
		};
/* End PBXFrameworksBuildPhase section */

/* Begin PBXGroup section */
		4F99595895D0B127301CD908 /* Pods */ = {
			isa = PBXGroup;
			children = (
				367AB5DAA765DB84A3ED1750 /* Pods-Demo.debug.xcconfig */,
				4CF5AC7B97B1A94802EBD151 /* Pods-Demo.release.xcconfig */,
				0596212688759186FA4B3BCB /* Pods-Demo-DemoUITests.debug.xcconfig */,
				9898FCD2D9F1A2DADDFA18F4 /* Pods-Demo-DemoUITests.release.xcconfig */,
				19F6C3820AE396C55814A77E /* Pods-DemoTests.debug.xcconfig */,
				81F6DE93192580E8D806899C /* Pods-DemoTests.release.xcconfig */,
			);
			name = Pods;
			path = Pods;
			sourceTree = "<group>";
		};
		6461B8183BE19F005860276C /* Frameworks */ = {
			isa = PBXGroup;
			children = (
				A027B4606E023B9CE6B264A0 /* Pods_Demo.framework */,
				35B09BC77B2777E7A0BE9B2E /* Pods_Demo_DemoUITests.framework */,
				3D7811467FF5DFEEBCDF8367 /* Pods_DemoTests.framework */,
			);
			name = Frameworks;
			sourceTree = "<group>";
		};
		E0C48769249A32D100CCDA25 = {
			isa = PBXGroup;
			children = (
				E0C48774249A32D100CCDA25 /* Demo */,
				E0C4878E249A32D300CCDA25 /* DemoTests */,
				E0C48799249A32D300CCDA25 /* DemoUITests */,
				E0C48773249A32D100CCDA25 /* Products */,
				4F99595895D0B127301CD908 /* Pods */,
				6461B8183BE19F005860276C /* Frameworks */,
			);
			sourceTree = "<group>";
		};
		E0C48773249A32D100CCDA25 /* Products */ = {
			isa = PBXGroup;
			children = (
				E0C48772249A32D100CCDA25 /* Demo.app */,
				E0C4878B249A32D300CCDA25 /* DemoTests.xctest */,
				E0C48796249A32D300CCDA25 /* DemoUITests.xctest */,
			);
			name = Products;
			sourceTree = "<group>";
		};
		E0C48774249A32D100CCDA25 /* Demo */ = {
			isa = PBXGroup;
			children = (
				E0C48775249A32D100CCDA25 /* AppDelegate.swift */,
				E0C48777249A32D100CCDA25 /* SceneDelegate.swift */,
				E0C48779249A32D100CCDA25 /* ViewController.swift */,
				E0C4877B249A32D100CCDA25 /* Main.storyboard */,
				E0C48781249A32D300CCDA25 /* Assets.xcassets */,
				E0C48783249A32D300CCDA25 /* LaunchScreen.storyboard */,
				E0C48786249A32D300CCDA25 /* Info.plist */,
				E0C4877E249A32D100CCDA25 /* Demo.xcdatamodeld */,
				E0D76B7324D13AD600DA44F4 /* HomeViewController.swift */,
				E0A8C45324D7F16E00030F79 /* ObjectiveCTestController.h */,
				E0A8C45424D7F16E00030F79 /* ObjectiveCTestController.m */,
			);
			path = Demo;
			sourceTree = "<group>";
		};
		E0C4878E249A32D300CCDA25 /* DemoTests */ = {
			isa = PBXGroup;
			children = (
				E0C4878F249A32D300CCDA25 /* DemoTests.swift */,
				E0C48791249A32D300CCDA25 /* Info.plist */,
			);
			path = DemoTests;
			sourceTree = "<group>";
		};
		E0C48799249A32D300CCDA25 /* DemoUITests */ = {
			isa = PBXGroup;
			children = (
				E0C4879A249A32D300CCDA25 /* DemoUITests.swift */,
				E0C4879C249A32D300CCDA25 /* Info.plist */,
			);
			path = DemoUITests;
			sourceTree = "<group>";
		};
/* End PBXGroup section */

/* Begin PBXNativeTarget section */
		E0C48771249A32D100CCDA25 /* Demo */ = {
			isa = PBXNativeTarget;
			buildConfigurationList = E0C4879F249A32D400CCDA25 /* Build configuration list for PBXNativeTarget "Demo" */;
			buildPhases = (
				009EB790DCB4BF414EB228D4 /* [CP] Check Pods Manifest.lock */,
				E0C4876E249A32D100CCDA25 /* Sources */,
				E0C4876F249A32D100CCDA25 /* Frameworks */,
				E0C48770249A32D100CCDA25 /* Resources */,
			);
			buildRules = (
			);
			dependencies = (
			);
			name = Demo;
			productName = Demo;
			productReference = E0C48772249A32D100CCDA25 /* Demo.app */;
			productType = "com.apple.product-type.application";
		};
		E0C4878A249A32D300CCDA25 /* DemoTests */ = {
			isa = PBXNativeTarget;
			buildConfigurationList = E0C487A2249A32D400CCDA25 /* Build configuration list for PBXNativeTarget "DemoTests" */;
			buildPhases = (
				81EB7F0A2A4D7E6B4AF7E693 /* [CP] Check Pods Manifest.lock */,
				E0C48787249A32D300CCDA25 /* Sources */,
				E0C48788249A32D300CCDA25 /* Frameworks */,
				E0C48789249A32D300CCDA25 /* Resources */,
			);
			buildRules = (
			);
			dependencies = (
				E0C4878D249A32D300CCDA25 /* PBXTargetDependency */,
			);
			name = DemoTests;
			productName = DemoTests;
			productReference = E0C4878B249A32D300CCDA25 /* DemoTests.xctest */;
			productType = "com.apple.product-type.bundle.unit-test";
		};
		E0C48795249A32D300CCDA25 /* DemoUITests */ = {
			isa = PBXNativeTarget;
			buildConfigurationList = E0C487A5249A32D400CCDA25 /* Build configuration list for PBXNativeTarget "DemoUITests" */;
			buildPhases = (
				A076B9000E58AA4B50AE1ACA /* [CP] Check Pods Manifest.lock */,
				E0C48792249A32D300CCDA25 /* Sources */,
				E0C48793249A32D300CCDA25 /* Frameworks */,
				E0C48794249A32D300CCDA25 /* Resources */,
			);
			buildRules = (
			);
			dependencies = (
				E0C48798249A32D300CCDA25 /* PBXTargetDependency */,
			);
			name = DemoUITests;
			productName = DemoUITests;
			productReference = E0C48796249A32D300CCDA25 /* DemoUITests.xctest */;
			productType = "com.apple.product-type.bundle.ui-testing";
		};
/* End PBXNativeTarget section */

/* Begin PBXProject section */
		E0C4876A249A32D100CCDA25 /* Project object */ = {
			isa = PBXProject;
			attributes = {
				LastSwiftUpdateCheck = 1150;
				LastUpgradeCheck = 1150;
				ORGANIZATIONNAME = Chandresh;
				TargetAttributes = {
					E0C48771249A32D100CCDA25 = {
						CreatedOnToolsVersion = 11.5;
						LastSwiftMigration = 1150;
					};
					E0C4878A249A32D300CCDA25 = {
						CreatedOnToolsVersion = 11.5;
						TestTargetID = E0C48771249A32D100CCDA25;
					};
					E0C48795249A32D300CCDA25 = {
						CreatedOnToolsVersion = 11.5;
						TestTargetID = E0C48771249A32D100CCDA25;
					};
				};
			};
			buildConfigurationList = E0C4876D249A32D100CCDA25 /* Build configuration list for PBXProject "Demo" */;
			compatibilityVersion = "Xcode 9.3";
			developmentRegion = en;
			hasScannedForEncodings = 0;
			knownRegions = (
				en,
				Base,
			);
			mainGroup = E0C48769249A32D100CCDA25;
			productRefGroup = E0C48773249A32D100CCDA25 /* Products */;
			projectDirPath = "";
			projectRoot = "";
			targets = (
				E0C48771249A32D100CCDA25 /* Demo */,
				E0C4878A249A32D300CCDA25 /* DemoTests */,
				E0C48795249A32D300CCDA25 /* DemoUITests */,
			);
		};
/* End PBXProject section */

/* Begin PBXResourcesBuildPhase section */
		E0C48770249A32D100CCDA25 /* Resources */ = {
			isa = PBXResourcesBuildPhase;
			buildActionMask = 2147483647;
			files = (
				E0C48785249A32D300CCDA25 /* LaunchScreen.storyboard in Resources */,
				E0C48782249A32D300CCDA25 /* Assets.xcassets in Resources */,
				E0C4877D249A32D100CCDA25 /* Main.storyboard in Resources */,
			);
			runOnlyForDeploymentPostprocessing = 0;
		};
		E0C48789249A32D300CCDA25 /* Resources */ = {
			isa = PBXResourcesBuildPhase;
			buildActionMask = 2147483647;
			files = (
			);
			runOnlyForDeploymentPostprocessing = 0;
		};
		E0C48794249A32D300CCDA25 /* Resources */ = {
			isa = PBXResourcesBuildPhase;
			buildActionMask = 2147483647;
			files = (
			);
			runOnlyForDeploymentPostprocessing = 0;
		};
/* End PBXResourcesBuildPhase section */

/* Begin PBXShellScriptBuildPhase section */
		009EB790DCB4BF414EB228D4 /* [CP] Check Pods Manifest.lock */ = {
			isa = PBXShellScriptBuildPhase;
			buildActionMask = 2147483647;
			files = (
			);
			inputFileListPaths = (
			);
			inputPaths = (
				"${PODS_PODFILE_DIR_PATH}/Podfile.lock",
				"${PODS_ROOT}/Manifest.lock",
			);
			name = "[CP] Check Pods Manifest.lock";
			outputFileListPaths = (
			);
			outputPaths = (
				"$(DERIVED_FILE_DIR)/Pods-Demo-checkManifestLockResult.txt",
			);
			runOnlyForDeploymentPostprocessing = 0;
			shellPath = /bin/sh;
			shellScript = "diff \"${PODS_PODFILE_DIR_PATH}/Podfile.lock\" \"${PODS_ROOT}/Manifest.lock\" > /dev/null\nif [ $? != 0 ] ; then\n    # print error to STDERR\n    echo \"error: The sandbox is not in sync with the Podfile.lock. Run 'pod install' or update your CocoaPods installation.\" >&2\n    exit 1\nfi\n# This output is used by Xcode 'outputs' to avoid re-running this script phase.\necho \"SUCCESS\" > \"${SCRIPT_OUTPUT_FILE_0}\"\n";
			showEnvVarsInLog = 0;
		};
		81EB7F0A2A4D7E6B4AF7E693 /* [CP] Check Pods Manifest.lock */ = {
			isa = PBXShellScriptBuildPhase;
			buildActionMask = 2147483647;
			files = (
			);
			inputFileListPaths = (
			);
			inputPaths = (
				"${PODS_PODFILE_DIR_PATH}/Podfile.lock",
				"${PODS_ROOT}/Manifest.lock",
			);
			name = "[CP] Check Pods Manifest.lock";
			outputFileListPaths = (
			);
			outputPaths = (
				"$(DERIVED_FILE_DIR)/Pods-DemoTests-checkManifestLockResult.txt",
			);
			runOnlyForDeploymentPostprocessing = 0;
			shellPath = /bin/sh;
			shellScript = "diff \"${PODS_PODFILE_DIR_PATH}/Podfile.lock\" \"${PODS_ROOT}/Manifest.lock\" > /dev/null\nif [ $? != 0 ] ; then\n    # print error to STDERR\n    echo \"error: The sandbox is not in sync with the Podfile.lock. Run 'pod install' or update your CocoaPods installation.\" >&2\n    exit 1\nfi\n# This output is used by Xcode 'outputs' to avoid re-running this script phase.\necho \"SUCCESS\" > \"${SCRIPT_OUTPUT_FILE_0}\"\n";
			showEnvVarsInLog = 0;
		};
		A076B9000E58AA4B50AE1ACA /* [CP] Check Pods Manifest.lock */ = {
			isa = PBXShellScriptBuildPhase;
			buildActionMask = 2147483647;
			files = (
			);
			inputFileListPaths = (
			);
			inputPaths = (
				"${PODS_PODFILE_DIR_PATH}/Podfile.lock",
				"${PODS_ROOT}/Manifest.lock",
			);
			name = "[CP] Check Pods Manifest.lock";
			outputFileListPaths = (
			);
			outputPaths = (
				"$(DERIVED_FILE_DIR)/Pods-Demo-DemoUITests-checkManifestLockResult.txt",
			);
			runOnlyForDeploymentPostprocessing = 0;
			shellPath = /bin/sh;
			shellScript = "diff \"${PODS_PODFILE_DIR_PATH}/Podfile.lock\" \"${PODS_ROOT}/Manifest.lock\" > /dev/null\nif [ $? != 0 ] ; then\n    # print error to STDERR\n    echo \"error: The sandbox is not in sync with the Podfile.lock. Run 'pod install' or update your CocoaPods installation.\" >&2\n    exit 1\nfi\n# This output is used by Xcode 'outputs' to avoid re-running this script phase.\necho \"SUCCESS\" > \"${SCRIPT_OUTPUT_FILE_0}\"\n";
			showEnvVarsInLog = 0;
		};
/* End PBXShellScriptBuildPhase section */

/* Begin PBXSourcesBuildPhase section */
		E0C4876E249A32D100CCDA25 /* Sources */ = {
			isa = PBXSourcesBuildPhase;
			buildActionMask = 2147483647;
			files = (
				E0D76B7424D13AD600DA44F4 /* HomeViewController.swift in Sources */,
				E0A8C45524D7F16E00030F79 /* ObjectiveCTestController.m in Sources */,
				E0C4877A249A32D100CCDA25 /* ViewController.swift in Sources */,
				E0C48776249A32D100CCDA25 /* AppDelegate.swift in Sources */,
				E0C48780249A32D100CCDA25 /* Demo.xcdatamodeld in Sources */,
				E0C48778249A32D100CCDA25 /* SceneDelegate.swift in Sources */,
			);
			runOnlyForDeploymentPostprocessing = 0;
		};
		E0C48787249A32D300CCDA25 /* Sources */ = {
			isa = PBXSourcesBuildPhase;
			buildActionMask = 2147483647;
			files = (
				E0C48790249A32D300CCDA25 /* DemoTests.swift in Sources */,
			);
			runOnlyForDeploymentPostprocessing = 0;
		};
		E0C48792249A32D300CCDA25 /* Sources */ = {
			isa = PBXSourcesBuildPhase;
			buildActionMask = 2147483647;
			files = (
				E0C4879B249A32D300CCDA25 /* DemoUITests.swift in Sources */,
			);
			runOnlyForDeploymentPostprocessing = 0;
		};
/* End PBXSourcesBuildPhase section */

/* Begin PBXTargetDependency section */
		E0C4878D249A32D300CCDA25 /* PBXTargetDependency */ = {
			isa = PBXTargetDependency;
			target = E0C48771249A32D100CCDA25 /* Demo */;
			targetProxy = E0C4878C249A32D300CCDA25 /* PBXContainerItemProxy */;
		};
		E0C48798249A32D300CCDA25 /* PBXTargetDependency */ = {
			isa = PBXTargetDependency;
			target = E0C48771249A32D100CCDA25 /* Demo */;
			targetProxy = E0C48797249A32D300CCDA25 /* PBXContainerItemProxy */;
		};
/* End PBXTargetDependency section */

/* Begin PBXVariantGroup section */
		E0C4877B249A32D100CCDA25 /* Main.storyboard */ = {
			isa = PBXVariantGroup;
			children = (
				E0C4877C249A32D100CCDA25 /* Base */,
			);
			name = Main.storyboard;
			sourceTree = "<group>";
		};
		E0C48783249A32D300CCDA25 /* LaunchScreen.storyboard */ = {
			isa = PBXVariantGroup;
			children = (
				E0C48784249A32D300CCDA25 /* Base */,
			);
			name = LaunchScreen.storyboard;
			sourceTree = "<group>";
		};
/* End PBXVariantGroup section */

/* Begin XCBuildConfiguration section */
		E0C4879D249A32D400CCDA25 /* Debug */ = {
			isa = XCBuildConfiguration;
			buildSettings = {
				ALWAYS_SEARCH_USER_PATHS = NO;
				CLANG_ANALYZER_NONNULL = YES;
				CLANG_ANALYZER_NUMBER_OBJECT_CONVERSION = YES_AGGRESSIVE;
				CLANG_CXX_LANGUAGE_STANDARD = "gnu++14";
				CLANG_CXX_LIBRARY = "libc++";
				CLANG_ENABLE_MODULES = YES;
				CLANG_ENABLE_OBJC_ARC = YES;
				CLANG_ENABLE_OBJC_WEAK = YES;
				CLANG_WARN_BLOCK_CAPTURE_AUTORELEASING = YES;
				CLANG_WARN_BOOL_CONVERSION = YES;
				CLANG_WARN_COMMA = YES;
				CLANG_WARN_CONSTANT_CONVERSION = YES;
				CLANG_WARN_DEPRECATED_OBJC_IMPLEMENTATIONS = YES;
				CLANG_WARN_DIRECT_OBJC_ISA_USAGE = YES_ERROR;
				CLANG_WARN_DOCUMENTATION_COMMENTS = YES;
				CLANG_WARN_EMPTY_BODY = YES;
				CLANG_WARN_ENUM_CONVERSION = YES;
				CLANG_WARN_INFINITE_RECURSION = YES;
				CLANG_WARN_INT_CONVERSION = YES;
				CLANG_WARN_NON_LITERAL_NULL_CONVERSION = YES;
				CLANG_WARN_OBJC_IMPLICIT_RETAIN_SELF = YES;
				CLANG_WARN_OBJC_LITERAL_CONVERSION = YES;
				CLANG_WARN_OBJC_ROOT_CLASS = YES_ERROR;
				CLANG_WARN_RANGE_LOOP_ANALYSIS = YES;
				CLANG_WARN_STRICT_PROTOTYPES = YES;
				CLANG_WARN_SUSPICIOUS_MOVE = YES;
				CLANG_WARN_UNGUARDED_AVAILABILITY = YES_AGGRESSIVE;
				CLANG_WARN_UNREACHABLE_CODE = YES;
				CLANG_WARN__DUPLICATE_METHOD_MATCH = YES;
				COPY_PHASE_STRIP = NO;
				DEBUG_INFORMATION_FORMAT = dwarf;
				ENABLE_STRICT_OBJC_MSGSEND = YES;
				ENABLE_TESTABILITY = YES;
				GCC_C_LANGUAGE_STANDARD = gnu11;
				GCC_DYNAMIC_NO_PIC = NO;
				GCC_NO_COMMON_BLOCKS = YES;
				GCC_OPTIMIZATION_LEVEL = 0;
				GCC_PREPROCESSOR_DEFINITIONS = (
					"DEBUG=1",
					"$(inherited)",
				);
				GCC_WARN_64_TO_32_BIT_CONVERSION = YES;
				GCC_WARN_ABOUT_RETURN_TYPE = YES_ERROR;
				GCC_WARN_UNDECLARED_SELECTOR = YES;
				GCC_WARN_UNINITIALIZED_AUTOS = YES_AGGRESSIVE;
				GCC_WARN_UNUSED_FUNCTION = YES;
				GCC_WARN_UNUSED_VARIABLE = YES;
				IPHONEOS_DEPLOYMENT_TARGET = 13.5;
				MTL_ENABLE_DEBUG_INFO = INCLUDE_SOURCE;
				MTL_FAST_MATH = YES;
				ONLY_ACTIVE_ARCH = YES;
				SDKROOT = iphoneos;
				SWIFT_ACTIVE_COMPILATION_CONDITIONS = DEBUG;
				SWIFT_OPTIMIZATION_LEVEL = "-Onone";
			};
			name = Debug;
		};
		E0C4879E249A32D400CCDA25 /* Release */ = {
			isa = XCBuildConfiguration;
			buildSettings = {
				ALWAYS_SEARCH_USER_PATHS = NO;
				CLANG_ANALYZER_NONNULL = YES;
				CLANG_ANALYZER_NUMBER_OBJECT_CONVERSION = YES_AGGRESSIVE;
				CLANG_CXX_LANGUAGE_STANDARD = "gnu++14";
				CLANG_CXX_LIBRARY = "libc++";
				CLANG_ENABLE_MODULES = YES;
				CLANG_ENABLE_OBJC_ARC = YES;
				CLANG_ENABLE_OBJC_WEAK = YES;
				CLANG_WARN_BLOCK_CAPTURE_AUTORELEASING = YES;
				CLANG_WARN_BOOL_CONVERSION = YES;
				CLANG_WARN_COMMA = YES;
				CLANG_WARN_CONSTANT_CONVERSION = YES;
				CLANG_WARN_DEPRECATED_OBJC_IMPLEMENTATIONS = YES;
				CLANG_WARN_DIRECT_OBJC_ISA_USAGE = YES_ERROR;
				CLANG_WARN_DOCUMENTATION_COMMENTS = YES;
				CLANG_WARN_EMPTY_BODY = YES;
				CLANG_WARN_ENUM_CONVERSION = YES;
				CLANG_WARN_INFINITE_RECURSION = YES;
				CLANG_WARN_INT_CONVERSION = YES;
				CLANG_WARN_NON_LITERAL_NULL_CONVERSION = YES;
				CLANG_WARN_OBJC_IMPLICIT_RETAIN_SELF = YES;
				CLANG_WARN_OBJC_LITERAL_CONVERSION = YES;
				CLANG_WARN_OBJC_ROOT_CLASS = YES_ERROR;
				CLANG_WARN_RANGE_LOOP_ANALYSIS = YES;
				CLANG_WARN_STRICT_PROTOTYPES = YES;
				CLANG_WARN_SUSPICIOUS_MOVE = YES;
				CLANG_WARN_UNGUARDED_AVAILABILITY = YES_AGGRESSIVE;
				CLANG_WARN_UNREACHABLE_CODE = YES;
				CLANG_WARN__DUPLICATE_METHOD_MATCH = YES;
				COPY_PHASE_STRIP = NO;
				DEBUG_INFORMATION_FORMAT = "dwarf-with-dsym";
				ENABLE_NS_ASSERTIONS = NO;
				ENABLE_STRICT_OBJC_MSGSEND = YES;
				GCC_C_LANGUAGE_STANDARD = gnu11;
				GCC_NO_COMMON_BLOCKS = YES;
				GCC_WARN_64_TO_32_BIT_CONVERSION = YES;
				GCC_WARN_ABOUT_RETURN_TYPE = YES_ERROR;
				GCC_WARN_UNDECLARED_SELECTOR = YES;
				GCC_WARN_UNINITIALIZED_AUTOS = YES_AGGRESSIVE;
				GCC_WARN_UNUSED_FUNCTION = YES;
				GCC_WARN_UNUSED_VARIABLE = YES;
				IPHONEOS_DEPLOYMENT_TARGET = 13.5;
				MTL_ENABLE_DEBUG_INFO = NO;
				MTL_FAST_MATH = YES;
				SDKROOT = iphoneos;
				SWIFT_COMPILATION_MODE = wholemodule;
				SWIFT_OPTIMIZATION_LEVEL = "-O";
				VALIDATE_PRODUCT = YES;
			};
			name = Release;
		};
		E0C487A0249A32D400CCDA25 /* Debug */ = {
			isa = XCBuildConfiguration;
			baseConfigurationReference = 367AB5DAA765DB84A3ED1750 /* Pods-Demo.debug.xcconfig */;
			buildSettings = {
				ASSETCATALOG_COMPILER_APPICON_NAME = AppIcon;
				CLANG_ENABLE_MODULES = YES;
				CODE_SIGN_STYLE = Automatic;
				DEVELOPMENT_TEAM = 87L3YW55B7;
				INFOPLIST_FILE = Demo/Info.plist;
				IPHONEOS_DEPLOYMENT_TARGET = 10.0;
				LD_RUNPATH_SEARCH_PATHS = (
					"$(inherited)",
					"@executable_path/Frameworks",
				);
				PRODUCT_BUNDLE_IDENTIFIER = Chandresh.Demo;
				PRODUCT_NAME = "$(TARGET_NAME)";
				SWIFT_OPTIMIZATION_LEVEL = "-Onone";
				SWIFT_VERSION = 5.0;
				TARGETED_DEVICE_FAMILY = "1,2";
			};
			name = Debug;
		};
		E0C487A1249A32D400CCDA25 /* Release */ = {
			isa = XCBuildConfiguration;
			baseConfigurationReference = 4CF5AC7B97B1A94802EBD151 /* Pods-Demo.release.xcconfig */;
			buildSettings = {
				ASSETCATALOG_COMPILER_APPICON_NAME = AppIcon;
				CLANG_ENABLE_MODULES = YES;
				CODE_SIGN_STYLE = Automatic;
				DEVELOPMENT_TEAM = 87L3YW55B7;
				INFOPLIST_FILE = Demo/Info.plist;
				IPHONEOS_DEPLOYMENT_TARGET = 10.0;
				LD_RUNPATH_SEARCH_PATHS = (
					"$(inherited)",
					"@executable_path/Frameworks",
				);
				PRODUCT_BUNDLE_IDENTIFIER = Chandresh.Demo;
				PRODUCT_NAME = "$(TARGET_NAME)";
				SWIFT_VERSION = 5.0;
				TARGETED_DEVICE_FAMILY = "1,2";
			};
			name = Release;
		};
		E0C487A3249A32D400CCDA25 /* Debug */ = {
			isa = XCBuildConfiguration;
			baseConfigurationReference = 19F6C3820AE396C55814A77E /* Pods-DemoTests.debug.xcconfig */;
			buildSettings = {
				ALWAYS_EMBED_SWIFT_STANDARD_LIBRARIES = YES;
				BUNDLE_LOADER = "$(TEST_HOST)";
				CODE_SIGN_STYLE = Automatic;
				DEVELOPMENT_TEAM = 87L3YW55B7;
				INFOPLIST_FILE = DemoTests/Info.plist;
				IPHONEOS_DEPLOYMENT_TARGET = 13.5;
				LD_RUNPATH_SEARCH_PATHS = (
					"$(inherited)",
					"@executable_path/Frameworks",
					"@loader_path/Frameworks",
				);
				PRODUCT_BUNDLE_IDENTIFIER = Chandresh.DemoTests;
				PRODUCT_NAME = "$(TARGET_NAME)";
				SWIFT_VERSION = 5.0;
				TARGETED_DEVICE_FAMILY = "1,2";
				TEST_HOST = "$(BUILT_PRODUCTS_DIR)/Demo.app/Demo";
			};
			name = Debug;
		};
		E0C487A4249A32D400CCDA25 /* Release */ = {
			isa = XCBuildConfiguration;
			baseConfigurationReference = 81F6DE93192580E8D806899C /* Pods-DemoTests.release.xcconfig */;
			buildSettings = {
				ALWAYS_EMBED_SWIFT_STANDARD_LIBRARIES = YES;
				BUNDLE_LOADER = "$(TEST_HOST)";
				CODE_SIGN_STYLE = Automatic;
				DEVELOPMENT_TEAM = 87L3YW55B7;
				INFOPLIST_FILE = DemoTests/Info.plist;
				IPHONEOS_DEPLOYMENT_TARGET = 13.5;
				LD_RUNPATH_SEARCH_PATHS = (
					"$(inherited)",
					"@executable_path/Frameworks",
					"@loader_path/Frameworks",
				);
				PRODUCT_BUNDLE_IDENTIFIER = Chandresh.DemoTests;
				PRODUCT_NAME = "$(TARGET_NAME)";
				SWIFT_VERSION = 5.0;
				TARGETED_DEVICE_FAMILY = "1,2";
				TEST_HOST = "$(BUILT_PRODUCTS_DIR)/Demo.app/Demo";
			};
			name = Release;
		};
		E0C487A6249A32D400CCDA25 /* Debug */ = {
			isa = XCBuildConfiguration;
			baseConfigurationReference = 0596212688759186FA4B3BCB /* Pods-Demo-DemoUITests.debug.xcconfig */;
			buildSettings = {
				ALWAYS_EMBED_SWIFT_STANDARD_LIBRARIES = YES;
				CODE_SIGN_STYLE = Automatic;
				DEVELOPMENT_TEAM = 87L3YW55B7;
				INFOPLIST_FILE = DemoUITests/Info.plist;
				LD_RUNPATH_SEARCH_PATHS = (
					"$(inherited)",
					"@executable_path/Frameworks",
					"@loader_path/Frameworks",
				);
				PRODUCT_BUNDLE_IDENTIFIER = Chandresh.DemoUITests;
				PRODUCT_NAME = "$(TARGET_NAME)";
				SWIFT_VERSION = 5.0;
				TARGETED_DEVICE_FAMILY = "1,2";
				TEST_TARGET_NAME = Demo;
			};
			name = Debug;
		};
		E0C487A7249A32D400CCDA25 /* Release */ = {
			isa = XCBuildConfiguration;
			baseConfigurationReference = 9898FCD2D9F1A2DADDFA18F4 /* Pods-Demo-DemoUITests.release.xcconfig */;
			buildSettings = {
				ALWAYS_EMBED_SWIFT_STANDARD_LIBRARIES = YES;
				CODE_SIGN_STYLE = Automatic;
				DEVELOPMENT_TEAM = 87L3YW55B7;
				INFOPLIST_FILE = DemoUITests/Info.plist;
				LD_RUNPATH_SEARCH_PATHS = (
					"$(inherited)",
					"@executable_path/Frameworks",
					"@loader_path/Frameworks",
				);
				PRODUCT_BUNDLE_IDENTIFIER = Chandresh.DemoUITests;
				PRODUCT_NAME = "$(TARGET_NAME)";
				SWIFT_VERSION = 5.0;
				TARGETED_DEVICE_FAMILY = "1,2";
				TEST_TARGET_NAME = Demo;
			};
			name = Release;
		};
/* End XCBuildConfiguration section */

/* Begin XCConfigurationList section */
		E0C4876D249A32D100CCDA25 /* Build configuration list for PBXProject "Demo" */ = {
			isa = XCConfigurationList;
			buildConfigurations = (
				E0C4879D249A32D400CCDA25 /* Debug */,
				E0C4879E249A32D400CCDA25 /* Release */,
			);
			defaultConfigurationIsVisible = 0;
			defaultConfigurationName = Release;
		};
		E0C4879F249A32D400CCDA25 /* Build configuration list for PBXNativeTarget "Demo" */ = {
			isa = XCConfigurationList;
			buildConfigurations = (
				E0C487A0249A32D400CCDA25 /* Debug */,
				E0C487A1249A32D400CCDA25 /* Release */,
			);
			defaultConfigurationIsVisible = 0;
			defaultConfigurationName = Release;
		};
		E0C487A2249A32D400CCDA25 /* Build configuration list for PBXNativeTarget "DemoTests" */ = {
			isa = XCConfigurationList;
			buildConfigurations = (
				E0C487A3249A32D400CCDA25 /* Debug */,
				E0C487A4249A32D400CCDA25 /* Release */,
			);
			defaultConfigurationIsVisible = 0;
			defaultConfigurationName = Release;
		};
		E0C487A5249A32D400CCDA25 /* Build configuration list for PBXNativeTarget "DemoUITests" */ = {
			isa = XCConfigurationList;
			buildConfigurations = (
				E0C487A6249A32D400CCDA25 /* Debug */,
				E0C487A7249A32D400CCDA25 /* Release */,
			);
			defaultConfigurationIsVisible = 0;
			defaultConfigurationName = Release;
		};
/* End XCConfigurationList section */

/* Begin XCVersionGroup section */
		E0C4877E249A32D100CCDA25 /* Demo.xcdatamodeld */ = {
			isa = XCVersionGroup;
			children = (
				E0C4877F249A32D100CCDA25 /* Demo.xcdatamodel */,
			);
			currentVersion = E0C4877F249A32D100CCDA25 /* Demo.xcdatamodel */;
			path = Demo.xcdatamodeld;
			sourceTree = "<group>";
			versionGroupType = wrapper.xcdatamodel;
		};
/* End XCVersionGroup section */
	};
	rootObject = E0C4876A249A32D100CCDA25 /* Project object */;
}
